
Microsoft Visual Studio Solution File, Format Version 12.00
# Visual Studio Version 16
VisualStudioVersion = 16.0.30621.155
MinimumVisualStudioVersion = 10.0.40219.1
Project("{FAE04EC0-301F-11D3-BF4B-00C04F79EFBC}") = "RabbitMQ_MinIO", "RabbitMQ_MinIO\RabbitMQ_MinIO.csproj", "{EE23865B-5F09-4F62-A994-86643E47B28F}"
EndProject
Global
	GlobalSection(SolutionConfigurationPlatforms) = preSolution
		Debug|Any CPU = Debug|Any CPU
		Release|Any CPU = Release|Any CPU
	EndGlobalSection
	GlobalSection(ProjectConfigurationPlatforms) = postSolution
		{EE23865B-5F09-4F62-A994-86643E47B28F}.Debug|Any CPU.ActiveCfg = Debug|Any CPU
		{EE23865B-5F09-4F62-A994-86643E47B28F}.Debug|Any CPU.Build.0 = Debug|Any CPU
		{EE23865B-5F09-4F62-A994-86643E47B28F}.Release|Any CPU.ActiveCfg = Release|Any CPU
		{EE23865B-5F09-4F62-A994-86643E47B28F}.Release|Any CPU.Build.0 = Release|Any CPU
	EndGlobalSection
	GlobalSection(SolutionProperties) = preSolution
		HideSolutionNode = FALSE
	EndGlobalSection
	GlobalSection(ExtensibilityGlobals) = postSolution
		SolutionGuid = {D0D6F098-D077-4993-B5BA-436014A46003}
	EndGlobalSection
EndGlobal
